
Microsoft Visual Studio Solution File, Format Version 12.00
# Visual Studio 15
VisualStudioVersion = 15.0.26730.16
MinimumVisualStudioVersion = 10.0.40219.1
Project("{FAE04EC0-301F-11D3-BF4B-00C04F79EFBC}") = "DuxTeamAPI", "DuxTeamAPI\DuxTeamAPI.csproj", "{B7873C5B-949E-4917-9519-8752123DD45B}"
EndProject
Global
	GlobalSection(SolutionConfigurationPlatforms) = preSolution
		Debug|Any CPU = Debug|Any CPU
		Release|Any CPU = Release|Any CPU
	EndGlobalSection
	GlobalSection(ProjectConfigurationPlatforms) = postSolution
		{B7873C5B-949E-4917-9519-8752123DD45B}.Debug|Any CPU.ActiveCfg = Debug|Any CPU
		{B7873C5B-949E-4917-9519-8752123DD45B}.Debug|Any CPU.Build.0 = Debug|Any CPU
		{B7873C5B-949E-4917-9519-8752123DD45B}.Release|Any CPU.ActiveCfg = Release|Any CPU
		{B7873C5B-949E-4917-9519-8752123DD45B}.Release|Any CPU.Build.0 = Release|Any CPU
	EndGlobalSection
	GlobalSection(SolutionProperties) = preSolution
		HideSolutionNode = FALSE
	EndGlobalSection
	GlobalSection(ExtensibilityGlobals) = postSolution
		SolutionGuid = {500E6288-53A1-47F7-9506-0056F146DE07}
	EndGlobalSection
EndGlobal
